// !$*UTF8*$!
{
	archiveVersion = 1;
	classes = {
	};
	objectVersion = 77;
	objects = {

/* Begin PBXBuildFile section */
		81869D902CAACE1300D76179 /* ScavengerHuntApp.swift in Sources */ = {isa = PBXBuildFile; fileRef = 81869D8D2CAACE1300D76179 /* ScavengerHuntApp.swift */; };
		81869D912CAACE1300D76179 /* Preview Assets.xcassets in Resources */ = {isa = PBXBuildFile; fileRef = 81869D892CAACE1300D76179 /* Preview Assets.xcassets */; };
		81869D922CAACE1300D76179 /* Assets.xcassets in Resources */ = {isa = PBXBuildFile; fileRef = 81869D8B2CAACE1300D76179 /* Assets.xcassets */; };
		81869D952CAACE3200D76179 /* PositionView.swift in Sources */ = {isa = PBXBuildFile; fileRef = 81869D942CAACE3200D76179 /* PositionView.swift */; };
		81869D982CAAD76100D76179 /* PositionViewModel.swift in Sources */ = {isa = PBXBuildFile; fileRef = 81869D972CAAD76100D76179 /* PositionViewModel.swift */; };
		81869D9A2CAAD7B200D76179 /* README.md in Resources */ = {isa = PBXBuildFile; fileRef = 81869D992CAAD7AF00D76179 /* README.md */; };
		81869D9D2CAAD86500D76179 /* TargetRegion.swift in Sources */ = {isa = PBXBuildFile; fileRef = 81869D9C2CAAD86000D76179 /* TargetRegion.swift */; };
		81869D9F2CAAEB6F00D76179 /* TargetsViewModel.swift in Sources */ = {isa = PBXBuildFile; fileRef = 81869D9E2CAAEB6600D76179 /* TargetsViewModel.swift */; };
/* End PBXBuildFile section */

/* Begin PBXFileReference section */
		81869D782CAACD9400D76179 /* ScavengerHunt.app */ = {isa = PBXFileReference; explicitFileType = wrapper.application; includeInIndex = 0; path = ScavengerHunt.app; sourceTree = BUILT_PRODUCTS_DIR; };
		81869D892CAACE1300D76179 /* Preview Assets.xcassets */ = {isa = PBXFileReference; lastKnownFileType = folder.assetcatalog; path = "Preview Assets.xcassets"; sourceTree = "<group>"; };
		81869D8B2CAACE1300D76179 /* Assets.xcassets */ = {isa = PBXFileReference; lastKnownFileType = folder.assetcatalog; path = Assets.xcassets; sourceTree = "<group>"; };
		81869D8D2CAACE1300D76179 /* ScavengerHuntApp.swift */ = {isa = PBXFileReference; lastKnownFileType = sourcecode.swift; path = ScavengerHuntApp.swift; sourceTree = "<group>"; };
		81869D942CAACE3200D76179 /* PositionView.swift */ = {isa = PBXFileReference; lastKnownFileType = sourcecode.swift; path = PositionView.swift; sourceTree = "<group>"; };
		81869D972CAAD76100D76179 /* PositionViewModel.swift */ = {isa = PBXFileReference; lastKnownFileType = sourcecode.swift; path = PositionViewModel.swift; sourceTree = "<group>"; };
		81869D992CAAD7AF00D76179 /* README.md */ = {isa = PBXFileReference; lastKnownFileType = net.daringfireball.markdown; path = README.md; sourceTree = "<group>"; };
		81869D9C2CAAD86000D76179 /* TargetRegion.swift */ = {isa = PBXFileReference; lastKnownFileType = sourcecode.swift; path = TargetRegion.swift; sourceTree = "<group>"; };
		81869D9E2CAAEB6600D76179 /* TargetsViewModel.swift */ = {isa = PBXFileReference; lastKnownFileType = sourcecode.swift; path = TargetsViewModel.swift; sourceTree = "<group>"; };
/* End PBXFileReference section */

/* Begin PBXFrameworksBuildPhase section */
		81869D752CAACD9400D76179 /* Frameworks */ = {
			isa = PBXFrameworksBuildPhase;
			buildActionMask = 2147483647;
			files = (
			);
			runOnlyForDeploymentPostprocessing = 0;
		};
/* End PBXFrameworksBuildPhase section */

/* Begin PBXGroup section */
		81869D6F2CAACD9400D76179 = {
			isa = PBXGroup;
			children = (
				81869D8E2CAACE1300D76179 /* ScavengerHunt */,
				81869D792CAACD9400D76179 /* Products */,
			);
			sourceTree = "<group>";
		};
		81869D792CAACD9400D76179 /* Products */ = {
			isa = PBXGroup;
			children = (
				81869D782CAACD9400D76179 /* ScavengerHunt.app */,
			);
			name = Products;
			sourceTree = "<group>";
		};
		81869D8A2CAACE1300D76179 /* Preview Content */ = {
			isa = PBXGroup;
			children = (
				81869D892CAACE1300D76179 /* Preview Assets.xcassets */,
			);
			path = "Preview Content";
			sourceTree = "<group>";
		};
		81869D8E2CAACE1300D76179 /* ScavengerHunt */ = {
			isa = PBXGroup;
			children = (
				81869D8D2CAACE1300D76179 /* ScavengerHuntApp.swift */,
				81869D932CAACE1F00D76179 /* Views */,
				81869D962CAAD63700D76179 /* ViewModels */,
				81869D9B2CAAD85400D76179 /* Model */,
				81869D8A2CAACE1300D76179 /* Preview Content */,
				81869D8B2CAACE1300D76179 /* Assets.xcassets */,
				81869D992CAAD7AF00D76179 /* README.md */,
			);
			path = ScavengerHunt;
			sourceTree = "<group>";
		};
		81869D932CAACE1F00D76179 /* Views */ = {
			isa = PBXGroup;
			children = (
				81869D942CAACE3200D76179 /* PositionView.swift */,
			);
			path = Views;
			sourceTree = "<group>";
		};
		81869D962CAAD63700D76179 /* ViewModels */ = {
			isa = PBXGroup;
			children = (
				81869D9E2CAAEB6600D76179 /* TargetsViewModel.swift */,
				81869D972CAAD76100D76179 /* PositionViewModel.swift */,
			);
			path = ViewModels;
			sourceTree = "<group>";
		};
		81869D9B2CAAD85400D76179 /* Model */ = {
			isa = PBXGroup;
			children = (
				81869D9C2CAAD86000D76179 /* TargetRegion.swift */,
			);
			path = Model;
			sourceTree = "<group>";
		};
/* End PBXGroup section */

/* Begin PBXNativeTarget section */
		81869D772CAACD9400D76179 /* ScavengerHunt */ = {
			isa = PBXNativeTarget;
			buildConfigurationList = 81869D862CAACD9500D76179 /* Build configuration list for PBXNativeTarget "ScavengerHunt" */;
			buildPhases = (
				81869D742CAACD9400D76179 /* Sources */,
				81869D752CAACD9400D76179 /* Frameworks */,
				81869D762CAACD9400D76179 /* Resources */,
			);
			buildRules = (
			);
			dependencies = (
			);
			name = ScavengerHunt;
			packageProductDependencies = (
			);
			productName = ScavengerHunt;
			productReference = 81869D782CAACD9400D76179 /* ScavengerHunt.app */;
			productType = "com.apple.product-type.application";
		};
/* End PBXNativeTarget section */

/* Begin PBXProject section */
		81869D702CAACD9400D76179 /* Project object */ = {
			isa = PBXProject;
			attributes = {
				BuildIndependentTargetsInParallel = 1;
				LastSwiftUpdateCheck = 1600;
				LastUpgradeCheck = 1600;
				TargetAttributes = {
					81869D772CAACD9400D76179 = {
						CreatedOnToolsVersion = 16.0;
					};
				};
			};
			buildConfigurationList = 81869D732CAACD9400D76179 /* Build configuration list for PBXProject "ScavengerHunt" */;
			developmentRegion = en;
			hasScannedForEncodings = 0;
			knownRegions = (
				en,
				Base,
			);
			mainGroup = 81869D6F2CAACD9400D76179;
			minimizedProjectReferenceProxies = 1;
			preferredProjectObjectVersion = 77;
			productRefGroup = 81869D792CAACD9400D76179 /* Products */;
			projectDirPath = "";
			projectRoot = "";
			targets = (
				81869D772CAACD9400D76179 /* ScavengerHunt */,
			);
		};
/* End PBXProject section */

/* Begin PBXResourcesBuildPhase section */
		81869D762CAACD9400D76179 /* Resources */ = {
			isa = PBXResourcesBuildPhase;
			buildActionMask = 2147483647;
			files = (
				81869D9A2CAAD7B200D76179 /* README.md in Resources */,
				81869D912CAACE1300D76179 /* Preview Assets.xcassets in Resources */,
				81869D922CAACE1300D76179 /* Assets.xcassets in Resources */,
			);
			runOnlyForDeploymentPostprocessing = 0;
		};
/* End PBXResourcesBuildPhase section */

/* Begin PBXSourcesBuildPhase section */
		81869D742CAACD9400D76179 /* Sources */ = {
			isa = PBXSourcesBuildPhase;
			buildActionMask = 2147483647;
			files = (
				81869D902CAACE1300D76179 /* ScavengerHuntApp.swift in Sources */,
				81869D982CAAD76100D76179 /* PositionViewModel.swift in Sources */,
				81869D9F2CAAEB6F00D76179 /* TargetsViewModel.swift in Sources */,
				81869D9D2CAAD86500D76179 /* TargetRegion.swift in Sources */,
				81869D952CAACE3200D76179 /* PositionView.swift in Sources */,
			);
			runOnlyForDeploymentPostprocessing = 0;
		};
/* End PBXSourcesBuildPhase section */

/* Begin XCBuildConfiguration section */
		81869D842CAACD9500D76179 /* Debug */ = {
			isa = XCBuildConfiguration;
			buildSettings = {
				ALWAYS_SEARCH_USER_PATHS = NO;
				ASSETCATALOG_COMPILER_GENERATE_SWIFT_ASSET_SYMBOL_EXTENSIONS = YES;
				CLANG_ANALYZER_NONNULL = YES;
				CLANG_ANALYZER_NUMBER_OBJECT_CONVERSION = YES_AGGRESSIVE;
				CLANG_CXX_LANGUAGE_STANDARD = "gnu++20";
				CLANG_ENABLE_MODULES = YES;
				CLANG_ENABLE_OBJC_ARC = YES;
				CLANG_ENABLE_OBJC_WEAK = YES;
				CLANG_WARN_BLOCK_CAPTURE_AUTORELEASING = YES;
				CLANG_WARN_BOOL_CONVERSION = YES;
				CLANG_WARN_COMMA = YES;
				CLANG_WARN_CONSTANT_CONVERSION = YES;
				CLANG_WARN_DEPRECATED_OBJC_IMPLEMENTATIONS = YES;
				CLANG_WARN_DIRECT_OBJC_ISA_USAGE = YES_ERROR;
				CLANG_WARN_DOCUMENTATION_COMMENTS = YES;
				CLANG_WARN_EMPTY_BODY = YES;
				CLANG_WARN_ENUM_CONVERSION = YES;
				CLANG_WARN_INFINITE_RECURSION = YES;
				CLANG_WARN_INT_CONVERSION = YES;
				CLANG_WARN_NON_LITERAL_NULL_CONVERSION = YES;
				CLANG_WARN_OBJC_IMPLICIT_RETAIN_SELF = YES;
				CLANG_WARN_OBJC_LITERAL_CONVERSION = YES;
				CLANG_WARN_OBJC_ROOT_CLASS = YES_ERROR;
				CLANG_WARN_QUOTED_INCLUDE_IN_FRAMEWORK_HEADER = YES;
				CLANG_WARN_RANGE_LOOP_ANALYSIS = YES;
				CLANG_WARN_STRICT_PROTOTYPES = YES;
				CLANG_WARN_SUSPICIOUS_MOVE = YES;
				CLANG_WARN_UNGUARDED_AVAILABILITY = YES_AGGRESSIVE;
				CLANG_WARN_UNREACHABLE_CODE = YES;
				CLANG_WARN__DUPLICATE_METHOD_MATCH = YES;
				COPY_PHASE_STRIP = NO;
				DEBUG_INFORMATION_FORMAT = dwarf;
				ENABLE_STRICT_OBJC_MSGSEND = YES;
				ENABLE_TESTABILITY = YES;
				ENABLE_USER_SCRIPT_SANDBOXING = YES;
				GCC_C_LANGUAGE_STANDARD = gnu17;
				GCC_DYNAMIC_NO_PIC = NO;
				GCC_NO_COMMON_BLOCKS = YES;
				GCC_OPTIMIZATION_LEVEL = 0;
				GCC_PREPROCESSOR_DEFINITIONS = (
					"DEBUG=1",
					"$(inherited)",
				);
				GCC_WARN_64_TO_32_BIT_CONVERSION = YES;
				GCC_WARN_ABOUT_RETURN_TYPE = YES_ERROR;
				GCC_WARN_UNDECLARED_SELECTOR = YES;
				GCC_WARN_UNINITIALIZED_AUTOS = YES_AGGRESSIVE;
				GCC_WARN_UNUSED_FUNCTION = YES;
				GCC_WARN_UNUSED_VARIABLE = YES;
				IPHONEOS_DEPLOYMENT_TARGET = 18.0;
				LOCALIZATION_PREFERS_STRING_CATALOGS = YES;
				MTL_ENABLE_DEBUG_INFO = INCLUDE_SOURCE;
				MTL_FAST_MATH = YES;
				ONLY_ACTIVE_ARCH = YES;
				SDKROOT = iphoneos;
				SWIFT_ACTIVE_COMPILATION_CONDITIONS = "DEBUG $(inherited)";
				SWIFT_OPTIMIZATION_LEVEL = "-Onone";
			};
			name = Debug;
		};
		81869D852CAACD9500D76179 /* Release */ = {
			isa = XCBuildConfiguration;
			buildSettings = {
				ALWAYS_SEARCH_USER_PATHS = NO;
				ASSETCATALOG_COMPILER_GENERATE_SWIFT_ASSET_SYMBOL_EXTENSIONS = YES;
				CLANG_ANALYZER_NONNULL = YES;
				CLANG_ANALYZER_NUMBER_OBJECT_CONVERSION = YES_AGGRESSIVE;
				CLANG_CXX_LANGUAGE_STANDARD = "gnu++20";
				CLANG_ENABLE_MODULES = YES;
				CLANG_ENABLE_OBJC_ARC = YES;
				CLANG_ENABLE_OBJC_WEAK = YES;
				CLANG_WARN_BLOCK_CAPTURE_AUTORELEASING = YES;
				CLANG_WARN_BOOL_CONVERSION = YES;
				CLANG_WARN_COMMA = YES;
				CLANG_WARN_CONSTANT_CONVERSION = YES;
				CLANG_WARN_DEPRECATED_OBJC_IMPLEMENTATIONS = YES;
				CLANG_WARN_DIRECT_OBJC_ISA_USAGE = YES_ERROR;
				CLANG_WARN_DOCUMENTATION_COMMENTS = YES;
				CLANG_WARN_EMPTY_BODY = YES;
				CLANG_WARN_ENUM_CONVERSION = YES;
				CLANG_WARN_INFINITE_RECURSION = YES;
				CLANG_WARN_INT_CONVERSION = YES;
				CLANG_WARN_NON_LITERAL_NULL_CONVERSION = YES;
				CLANG_WARN_OBJC_IMPLICIT_RETAIN_SELF = YES;
				CLANG_WARN_OBJC_LITERAL_CONVERSION = YES;
				CLANG_WARN_OBJC_ROOT_CLASS = YES_ERROR;
				CLANG_WARN_QUOTED_INCLUDE_IN_FRAMEWORK_HEADER = YES;
				CLANG_WARN_RANGE_LOOP_ANALYSIS = YES;
				CLANG_WARN_STRICT_PROTOTYPES = YES;
				CLANG_WARN_SUSPICIOUS_MOVE = YES;
				CLANG_WARN_UNGUARDED_AVAILABILITY = YES_AGGRESSIVE;
				CLANG_WARN_UNREACHABLE_CODE = YES;
				CLANG_WARN__DUPLICATE_METHOD_MATCH = YES;
				COPY_PHASE_STRIP = NO;
				DEBUG_INFORMATION_FORMAT = "dwarf-with-dsym";
				ENABLE_NS_ASSERTIONS = NO;
				ENABLE_STRICT_OBJC_MSGSEND = YES;
				ENABLE_USER_SCRIPT_SANDBOXING = YES;
				GCC_C_LANGUAGE_STANDARD = gnu17;
				GCC_NO_COMMON_BLOCKS = YES;
				GCC_WARN_64_TO_32_BIT_CONVERSION = YES;
				GCC_WARN_ABOUT_RETURN_TYPE = YES_ERROR;
				GCC_WARN_UNDECLARED_SELECTOR = YES;
				GCC_WARN_UNINITIALIZED_AUTOS = YES_AGGRESSIVE;
				GCC_WARN_UNUSED_FUNCTION = YES;
				GCC_WARN_UNUSED_VARIABLE = YES;
				IPHONEOS_DEPLOYMENT_TARGET = 18.0;
				LOCALIZATION_PREFERS_STRING_CATALOGS = YES;
				MTL_ENABLE_DEBUG_INFO = NO;
				MTL_FAST_MATH = YES;
				SDKROOT = iphoneos;
				SWIFT_COMPILATION_MODE = wholemodule;
				VALIDATE_PRODUCT = YES;
			};
			name = Release;
		};
		81869D872CAACD9500D76179 /* Debug */ = {
			isa = XCBuildConfiguration;
			buildSettings = {
				ASSETCATALOG_COMPILER_APPICON_NAME = AppIcon;
				ASSETCATALOG_COMPILER_GLOBAL_ACCENT_COLOR_NAME = AccentColor;
				CODE_SIGN_STYLE = Automatic;
				CURRENT_PROJECT_VERSION = 1;
				DEVELOPMENT_ASSET_PATHS = "\"ScavengerHunt/Preview Content\"";
				DEVELOPMENT_TEAM = 4UG443984D;
				ENABLE_PREVIEWS = YES;
				GENERATE_INFOPLIST_FILE = YES;
				INFOPLIST_KEY_NSLocationWhenInUseUsageDescription = "Your current location is required to determine if you have completed the scavenger hunt! Your location details will never leave your device and are not shared with third parties.";
				INFOPLIST_KEY_UIApplicationSceneManifest_Generation = YES;
				INFOPLIST_KEY_UIApplicationSupportsIndirectInputEvents = YES;
				INFOPLIST_KEY_UILaunchScreen_Generation = YES;
				INFOPLIST_KEY_UISupportedInterfaceOrientations_iPad = "UIInterfaceOrientationPortrait UIInterfaceOrientationPortraitUpsideDown UIInterfaceOrientationLandscapeLeft UIInterfaceOrientationLandscapeRight";
				INFOPLIST_KEY_UISupportedInterfaceOrientations_iPhone = "UIInterfaceOrientationPortrait UIInterfaceOrientationLandscapeLeft UIInterfaceOrientationLandscapeRight";
				IPHONEOS_DEPLOYMENT_TARGET = 17.6;
				LD_RUNPATH_SEARCH_PATHS = (
					"$(inherited)",
					"@executable_path/Frameworks",
				);
				MARKETING_VERSION = 1.0;
				PRODUCT_BUNDLE_IDENTIFIER = ca.russellgordon.ScavengerHunt;
				PRODUCT_NAME = "$(TARGET_NAME)";
				SWIFT_EMIT_LOC_STRINGS = YES;
				SWIFT_VERSION = 5.0;
				TARGETED_DEVICE_FAMILY = "1,2";
			};
			name = Debug;
		};
		81869D882CAACD9500D76179 /* Release */ = {
			isa = XCBuildConfiguration;
			buildSettings = {
				ASSETCATALOG_COMPILER_APPICON_NAME = AppIcon;
				ASSETCATALOG_COMPILER_GLOBAL_ACCENT_COLOR_NAME = AccentColor;
				CODE_SIGN_STYLE = Automatic;
				CURRENT_PROJECT_VERSION = 1;
				DEVELOPMENT_ASSET_PATHS = "\"ScavengerHunt/Preview Content\"";
				DEVELOPMENT_TEAM = 4UG443984D;
				ENABLE_PREVIEWS = YES;
				GENERATE_INFOPLIST_FILE = YES;
				INFOPLIST_KEY_NSLocationWhenInUseUsageDescription = "Your current location is required to determine if you have completed the scavenger hunt! Your location details will never leave your device and are not shared with third parties.";
				INFOPLIST_KEY_UIApplicationSceneManifest_Generation = YES;
				INFOPLIST_KEY_UIApplicationSupportsIndirectInputEvents = YES;
				INFOPLIST_KEY_UILaunchScreen_Generation = YES;
				INFOPLIST_KEY_UISupportedInterfaceOrientations_iPad = "UIInterfaceOrientationPortrait UIInterfaceOrientationPortraitUpsideDown UIInterfaceOrientationLandscapeLeft UIInterfaceOrientationLandscapeRight";
				INFOPLIST_KEY_UISupportedInterfaceOrientations_iPhone = "UIInterfaceOrientationPortrait UIInterfaceOrientationLandscapeLeft UIInterfaceOrientationLandscapeRight";
				IPHONEOS_DEPLOYMENT_TARGET = 17.6;
				LD_RUNPATH_SEARCH_PATHS = (
					"$(inherited)",
					"@executable_path/Frameworks",
				);
				MARKETING_VERSION = 1.0;
				PRODUCT_BUNDLE_IDENTIFIER = ca.russellgordon.ScavengerHunt;
				PRODUCT_NAME = "$(TARGET_NAME)";
				SWIFT_EMIT_LOC_STRINGS = YES;
				SWIFT_VERSION = 5.0;
				TARGETED_DEVICE_FAMILY = "1,2";
			};
			name = Release;
		};
/* End XCBuildConfiguration section */

/* Begin XCConfigurationList section */
		81869D732CAACD9400D76179 /* Build configuration list for PBXProject "ScavengerHunt" */ = {
			isa = XCConfigurationList;
			buildConfigurations = (
				81869D842CAACD9500D76179 /* Debug */,
				81869D852CAACD9500D76179 /* Release */,
			);
			defaultConfigurationIsVisible = 0;
			defaultConfigurationName = Release;
		};
		81869D862CAACD9500D76179 /* Build configuration list for PBXNativeTarget "ScavengerHunt" */ = {
			isa = XCConfigurationList;
			buildConfigurations = (
				81869D872CAACD9500D76179 /* Debug */,
				81869D882CAACD9500D76179 /* Release */,
			);
			defaultConfigurationIsVisible = 0;
			defaultConfigurationName = Release;
		};
/* End XCConfigurationList section */
	};
	rootObject = 81869D702CAACD9400D76179 /* Project object */;
}
